<?xml version="1.0" encoding="utf-8"?>
<Project ToolsVersion="4.0" xmlns="http://schemas.microsoft.com/developer/msbuild/2003">
  <ItemGroup>
    <Filter Include="ソース ファイル">
      <UniqueIdentifier>{4FC737F1-C7A5-4376-A066-2A32D752A2FF}</UniqueIdentifier>
      <Extensions>cpp;c;cc;cxx;c++;cppm;ixx;def;odl;idl;hpj;bat;asm;asmx</Extensions>
    </Filter>
    <Filter Include="ヘッダー ファイル">
      <UniqueIdentifier>{93995380-89BD-4b04-88EB-625FBE52EBFB}</UniqueIdentifier>
      <Extensions>h;hh;hpp;hxx;h++;hm;inl;inc;ipp;xsd</Extensions>
    </Filter>
    <Filter Include="リソース ファイル">
      <UniqueIdentifier>{67DA6AB6-F800-4c08-8B7A-83BB121AAD01}</UniqueIdentifier>
      <Extensions>rc;ico;cur;bmp;dlg;rc2;rct;bin;rgs;gif;jpg;jpeg;jpe;resx;tiff;tif;png;wav;mfcribbon-ms</Extensions>
    </Filter>
    <Filter Include="ソース ファイル\engine">
      <UniqueIdentifier>{5c9f1877-d8b6-462d-abf1-95fe603d3f04}</UniqueIdentifier>
    </Filter>
    <Filter Include="ソース ファイル\engine\2d">
      <UniqueIdentifier>{51c415ef-e8b9-4182-8a14-f6a7f83c9c7f}</UniqueIdentifier>
    </Filter>
    <Filter Include="ソース ファイル\engine\3d">
      <UniqueIdentifier>{35c99847-e23c-4095-aa7d-9ed20611c176}</UniqueIdentifier>
    </Filter>
    <Filter Include="ソース ファイル\engine\base">
      <UniqueIdentifier>{5b7eb6f5-457c-4582-b985-5bb4d6cc550a}</UniqueIdentifier>
    </Filter>
    <Filter Include="ソース ファイル\engine\io">
      <UniqueIdentifier>{fb3617e9-d333-4fbd-94cf-2374003c0624}</UniqueIdentifier>
    </Filter>
    <Filter Include="ソース ファイル\application">
      <UniqueIdentifier>{11d2ba44-9a03-4ddc-9602-e6c6d9ee7ff8}</UniqueIdentifier>
    </Filter>
    <Filter Include="ヘッダー ファイル\engine">
      <UniqueIdentifier>{cad3b237-5ecf-4e60-b60c-d44b3760bce3}</UniqueIdentifier>
    </Filter>
    <Filter Include="ヘッダー ファイル\engine\2d">
      <UniqueIdentifier>{916587ee-049f-4956-83b7-b1ca9ea2d268}</UniqueIdentifier>
    </Filter>
    <Filter Include="ヘッダー ファイル\engine\3d">
      <UniqueIdentifier>{3fb905a6-2b5a-442d-9848-7bb221e1f054}</UniqueIdentifier>
    </Filter>
    <Filter Include="ヘッダー ファイル\engine\base">
      <UniqueIdentifier>{65a475fd-c4a7-49c9-a57e-73b4639576d9}</UniqueIdentifier>
    </Filter>
    <Filter Include="ヘッダー ファイル\engine\io">
      <UniqueIdentifier>{2e662b47-1630-47ae-8cc2-e45d44054be3}</UniqueIdentifier>
    </Filter>
    <Filter Include="ヘッダー ファイル\application">
      <UniqueIdentifier>{326e49d6-0f63-4163-a5c7-e17d1184a57e}</UniqueIdentifier>
    </Filter>
    <Filter Include="シェーダーファイル">
      <UniqueIdentifier>{7186b72f-f4e3-4b0a-bd97-c92b92d21f7e}</UniqueIdentifier>
    </Filter>
    <Filter Include="externals">
      <UniqueIdentifier>{cd8b06ea-5f21-44e3-989d-07cfa425c03f}</UniqueIdentifier>
    </Filter>
    <Filter Include="externals\imgui">
      <UniqueIdentifier>{096eeea7-9ae7-4881-99a3-c807d53d6a2a}</UniqueIdentifier>
    </Filter>
    <Filter Include="ヘッダー ファイル\engine\utility">
      <UniqueIdentifier>{740b6bc6-1367-4735-8995-4ca6b50e10be}</UniqueIdentifier>
    </Filter>
    <Filter Include="ソース ファイル\engine\sound">
      <UniqueIdentifier>{2151e101-e2d2-41a6-ba3d-465ccf8a6f44}</UniqueIdentifier>
    </Filter>
    <Filter Include="ヘッダー ファイル\engine\sound">
      <UniqueIdentifier>{8c49e122-dc20-47da-a5e5-b98911af3345}</UniqueIdentifier>
    </Filter>
    <Filter Include="ソース ファイル\engine\debug">
      <UniqueIdentifier>{35a1bbd7-a1bd-4af5-a728-9eb1e4a41411}</UniqueIdentifier>
    </Filter>
    <Filter Include="ソース ファイル\engine\particle">
      <UniqueIdentifier>{2c8b3318-0eaf-45ea-b3fa-6667e5ce7e75}</UniqueIdentifier>
    </Filter>
    <Filter Include="ヘッダー ファイル\engine\debug">
      <UniqueIdentifier>{4f7c88b5-0883-4a47-a10e-472425da845e}</UniqueIdentifier>
    </Filter>
    <Filter Include="ヘッダー ファイル\engine\particle">
      <UniqueIdentifier>{87ee9c2f-b0b0-4f4b-8fcd-02b452d83782}</UniqueIdentifier>
    </Filter>
    <Filter Include="ソース ファイル\application\scenes">
      <UniqueIdentifier>{10c6df76-23ce-4741-866d-c1322e63fb19}</UniqueIdentifier>
    </Filter>
    <Filter Include="ソース ファイル\application\effects">
      <UniqueIdentifier>{e14dc0e2-c64b-4e82-a935-9c084153f8c1}</UniqueIdentifier>
    </Filter>
    <Filter Include="ソース ファイル\engine\utility">
      <UniqueIdentifier>{f3d99883-ad4c-411a-83b1-c61da3991c1a}</UniqueIdentifier>
    </Filter>
    <Filter Include="ヘッダー ファイル\application\scenes">
      <UniqueIdentifier>{3b1f8ad4-6d15-4f81-b904-b1da251d5478}</UniqueIdentifier>
    </Filter>
    <Filter Include="ヘッダー ファイル\application\effects">
      <UniqueIdentifier>{263b1d14-7d42-4475-b0e0-87b1b41e5d4c}</UniqueIdentifier>
    </Filter>
  </ItemGroup>
  <ItemGroup>
    <ClCompile Include="main.cpp">
      <Filter>ソース ファイル</Filter>
    </ClCompile>
    <ClCompile Include="externals\imgui\imgui.cpp">
      <Filter>externals\imgui</Filter>
    </ClCompile>
    <ClCompile Include="externals\imgui\imgui_demo.cpp">
      <Filter>externals\imgui</Filter>
    </ClCompile>
    <ClCompile Include="externals\imgui\imgui_draw.cpp">
      <Filter>externals\imgui</Filter>
    </ClCompile>
    <ClCompile Include="externals\imgui\imgui_impl_dx12.cpp">
      <Filter>externals\imgui</Filter>
    </ClCompile>
    <ClCompile Include="externals\imgui\imgui_impl_win32.cpp">
      <Filter>externals\imgui</Filter>
    </ClCompile>
    <ClCompile Include="externals\imgui\imgui_tables.cpp">
      <Filter>externals\imgui</Filter>
    </ClCompile>
    <ClCompile Include="externals\imgui\imgui_widgets.cpp">
      <Filter>externals\imgui</Filter>
    </ClCompile>
    <ClCompile Include="engine\io\InputManager.cpp">
      <Filter>ソース ファイル\engine\io</Filter>
    </ClCompile>
    <ClCompile Include="engine\utility\mathUtility.cpp">
      <Filter>ソース ファイル\engine\utility</Filter>
    </ClCompile>
    <ClCompile Include="engine\utility\Easing.cpp">
      <Filter>ソース ファイル\engine\utility</Filter>
    </ClCompile>
    <ClCompile Include="engine\utility\CurveUtility.cpp">
      <Filter>ソース ファイル\engine\utility</Filter>
    </ClCompile>
    <ClCompile Include="engine\utility\FileUtility.cpp">
      <Filter>ソース ファイル\engine\utility</Filter>
    </ClCompile>
    <ClCompile Include="engine\utility\JsonUtility.cpp">
      <Filter>ソース ファイル\engine\utility</Filter>
    </ClCompile>
    <ClCompile Include="engine\utility\DebugUtility.cpp">
      <Filter>ソース ファイル\engine\utility</Filter>
    </ClCompile>
    <ClCompile Include="engine\utility\RandomUtility.cpp">
      <Filter>ソース ファイル\engine\utility</Filter>
    </ClCompile>
    <ClCompile Include="engine\utility\TimeUtility.cpp">
      <Filter>ソース ファイル\engine\utility</Filter>
    </ClCompile>
    <ClCompile Include="engine\3d\DebugCamera.cpp">
      <Filter>ソース ファイル\engine\3d</Filter>
    </ClCompile>
    <ClCompile Include="engine\base\WinApp.cpp">
      <Filter>ソース ファイル\engine\base</Filter>
    </ClCompile>
    <ClCompile Include="engine\base\DirectXCommon.cpp">
      <Filter>ソース ファイル\engine\base</Filter>
    </ClCompile>
    <ClCompile Include="engine\base\RenderTarget.cpp">
      <Filter>ソース ファイル\engine\base</Filter>
    </ClCompile>
    <ClCompile Include="engine\utility\Logger.cpp">
      <Filter>ソース ファイル\engine\utility</Filter>
    </ClCompile>
    <ClCompile Include="engine\utility\StringUtility.cpp">
      <Filter>ソース ファイル\engine\utility</Filter>
    </ClCompile>
    <ClCompile Include="engine\base\D3DResourceLeakChecker.cpp">
      <Filter>ソース ファイル\engine\base</Filter>
    </ClCompile>
    <ClCompile Include="engine\utility\MathTypes.cpp">
      <Filter>ソース ファイル\engine\utility</Filter>
    </ClCompile>
    <ClCompile Include="engine\2d\Sprite.cpp">
      <Filter>ソース ファイル\engine\2d</Filter>
    </ClCompile>
    <ClCompile Include="engine\2d\SpriteCommon.cpp">
      <Filter>ソース ファイル\engine\2d</Filter>
    </ClCompile>
    <ClCompile Include="engine\2d\TextureManager.cpp">
      <Filter>ソース ファイル\engine\2d</Filter>
    </ClCompile>
    <ClCompile Include="engine\3d\Model.cpp">
      <Filter>ソース ファイル\engine\3d</Filter>
    </ClCompile>
    <ClCompile Include="engine\3d\ModelManager.cpp">
      <Filter>ソース ファイル\engine\3d</Filter>
    </ClCompile>
    <ClCompile Include="engine\3d\PrimitiveFactory.cpp">
      <Filter>ソース ファイル\engine\3d</Filter>
    </ClCompile>
    <ClCompile Include="engine\3d\Object3d.cpp">
      <Filter>ソース ファイル\engine\3d</Filter>
    </ClCompile>
    <ClCompile Include="engine\3d\Object3dCommon.cpp">
      <Filter>ソース ファイル\engine\3d</Filter>
    </ClCompile>
    <ClCompile Include="engine\3d\Camera.cpp">
      <Filter>ソース ファイル\engine\3d</Filter>
    </ClCompile>
    <ClCompile Include="engine\base\SceneManager.cpp">
      <Filter>ソース ファイル\engine\base</Filter>
    </ClCompile>
    <ClCompile Include="engine\base\SrvManager.cpp">
      <Filter>ソース ファイル\engine\base</Filter>
    </ClCompile>
    <ClCompile Include="engine\utility\CollisionUtility.cpp">
      <Filter>ソース ファイル\engine\utility</Filter>
    </ClCompile>
    <ClCompile Include="engine\sound\Sound.cpp">
      <Filter>ソース ファイル\engine\sound</Filter>
    </ClCompile>
    <ClCompile Include="engine\particle\ParticleEmitter.cpp">
      <Filter>ソース ファイル\engine\particle</Filter>
    </ClCompile>
    <ClCompile Include="engine\particle\GpuEmitterSettingsUtility.cpp">
      <Filter>ソース ファイル\engine\particle</Filter>
    </ClCompile>
    <ClCompile Include="engine\particle\ParticleManager.cpp">
      <Filter>ソース ファイル\engine\particle</Filter>
    </ClCompile>
    <ClCompile Include="engine\utility\ResourceResolver.cpp">
      <Filter>ソース ファイル\engine\utility</Filter>
    </ClCompile>
    <ClCompile Include="engine\3d\SkyBox.cpp">
      <Filter>ソース ファイル\engine\3d</Filter>
    </ClCompile>
    <ClCompile Include="engine\base\ImGuiManager.cpp">
      <Filter>ソース ファイル\engine\base</Filter>
    </ClCompile>
    <ClCompile Include="engine\base\Framework.cpp">
      <Filter>ソース ファイル\engine\base</Filter>
    </ClCompile>
    <ClCompile Include="application\Game.cpp">
      <Filter>ソース ファイル\application</Filter>
    </ClCompile>
    <ClCompile Include="application\scenes\PlayScene.cpp">
      <Filter>ソース ファイル\application\scenes</Filter>
    </ClCompile>
    <ClCompile Include="application\scenes\PlaySceneDraw.cpp">
      <Filter>ソース ファイル\application\scenes</Filter>
    </ClCompile>
    <ClCompile Include="application\scenes\PlayScenePostProcess.cpp">
      <Filter>ソース ファイル\application\scenes</Filter>
    </ClCompile>
    <ClCompile Include="application\scenes\PlaySceneEffect.cpp">
      <Filter>ソース ファイル\application\scenes</Filter>
    </ClCompile>
    <ClCompile Include="application\effects\EffectParticleUtility.cpp">
      <Filter>ソース ファイル\application\effects</Filter>
    </ClCompile>
    <ClCompile Include="application\effects\TimeStopEffect.cpp">
      <Filter>ソース ファイル\application\effects</Filter>
    </ClCompile>
    <ClCompile Include="application\effects\TimeReversalEffect.cpp">
      <Filter>ソース ファイル\application\effects</Filter>
    </ClCompile>
    <ClCompile Include="application\effects\TemporalRiftEffect.cpp">
      <Filter>ソース ファイル\application\effects</Filter>
    </ClCompile>
    <ClCompile Include="application\scenes\TitleScene.cpp">
      <Filter>ソース ファイル\application\scenes</Filter>
    </ClCompile>
    <ClCompile Include="application\scenes\SceneFactory.cpp">
      <Filter>ソース ファイル\application\scenes</Filter>
    </ClCompile>
    <ClCompile Include="engine\debug\DebugRenderer.cpp">
      <Filter>ソース ファイル\engine\debug</Filter>
    </ClCompile>
    <ClCompile Include="engine\base\PostProcess.cpp">
      <Filter>ソース ファイル\engine\base</Filter>
    </ClCompile>
  </ItemGroup>
  <ItemGroup>
    <FxCompile Include="resources\shaders\DebugLine.PS.hlsl">
      <Filter>シェーダーファイル</Filter>
    </FxCompile>
    <FxCompile Include="resources\shaders\DebugLine.VS.hlsl">
      <Filter>シェーダーファイル</Filter>
    </FxCompile>
    <FxCompile Include="resources\shaders\Object3d.PS.hlsl">
      <Filter>シェーダーファイル</Filter>
    </FxCompile>
    <FxCompile Include="resources\shaders\Object3d.VS.hlsl">
      <Filter>シェーダーファイル</Filter>
    </FxCompile>
    <FxCompile Include="resources\shaders\Particle.PS.hlsl">
      <Filter>シェーダーファイル</Filter>
    </FxCompile>
    <FxCompile Include="resources\shaders\Particle.VS.hlsl">
      <Filter>シェーダーファイル</Filter>
    </FxCompile>
    <FxCompile Include="resources\shaders\EmitParticle.CS.hlsl">
      <Filter>シェーダーファイル</Filter>
    </FxCompile>
    <FxCompile Include="resources\shaders\InitializeParticle.CS.hlsl">
      <Filter>シェーダーファイル</Filter>
    </FxCompile>
    <FxCompile Include="resources\shaders\UpdateParticle.CS.hlsl">
      <Filter>シェーダーファイル</Filter>
    </FxCompile>
    <FxCompile Include="resources\shaders\GPUParticleUpdate.CS.hlsl">
      <Filter>シェーダーファイル</Filter>
    </FxCompile>
    <FxCompile Include="resources\shaders\Sprite.PS.hlsl">
      <Filter>シェーダーファイル</Filter>
    </FxCompile>
    <FxCompile Include="resources\shaders\Sprite.VS.hlsl">
      <Filter>シェーダーファイル</Filter>
    </FxCompile>
    <FxCompile Include="resources\shaders\BoxFilter.PS.hlsl">
      <Filter>シェーダーファイル</Filter>
    </FxCompile>    <FxCompile Include="resources\shaders\CopyImage.PS.hlsl">
      <Filter>シェーダーファイル</Filter>
    </FxCompile>    <FxCompile Include="resources\shaders\DepthBasedOutline.PS.hlsl">
      <Filter>シェーダーファイル</Filter>
    </FxCompile>    <FxCompile Include="resources\shaders\Dissolve.PS.hlsl">
      <Filter>シェーダーファイル</Filter>
    </FxCompile>    <FxCompile Include="resources\shaders\Distortion.PS.hlsl">
      <Filter>シェーダーファイル</Filter>
    </FxCompile>    <FxCompile Include="resources\shaders\Fullscreen.VS.hlsl">
      <Filter>シェーダーファイル</Filter>
    </FxCompile>    <FxCompile Include="resources\shaders\GaussianFilter.PS.hlsl">
      <Filter>シェーダーファイル</Filter>
    </FxCompile>    <FxCompile Include="resources\shaders\Grayscale.PS.hlsl">
      <Filter>シェーダーファイル</Filter>
    </FxCompile>    <FxCompile Include="resources\shaders\LuminanceBasedOutline.PS.hlsl">
      <Filter>シェーダーファイル</Filter>
    </FxCompile>    <FxCompile Include="resources\shaders\RadialBlur.PS.hlsl">
      <Filter>シェーダーファイル</Filter>
    </FxCompile>    <FxCompile Include="resources\shaders\Random.PS.hlsl">
      <Filter>シェーダーファイル</Filter>
    </FxCompile>    <FxCompile Include="resources\shaders\SkinningObject3D.VS.hlsl">
      <Filter>シェーダーファイル</Filter>
    </FxCompile>    <FxCompile Include="resources\shaders\SkyBox.PS.hlsl">
      <Filter>シェーダーファイル</Filter>
    </FxCompile>    <FxCompile Include="resources\shaders\SkyBox.VS.hlsl">
      <Filter>シェーダーファイル</Filter>
    </FxCompile>    <FxCompile Include="resources\shaders\Vignette.PS.hlsl">
      <Filter>シェーダーファイル</Filter>
    </FxCompile>  </ItemGroup>
  <ItemGroup>
    <ClInclude Include="externals\imgui\imconfig.h">
      <Filter>externals\imgui</Filter>
    </ClInclude>
    <ClInclude Include="externals\imgui\imgui.h">
      <Filter>externals\imgui</Filter>
    </ClInclude>
    <ClInclude Include="externals\imgui\imgui_impl_dx12.h">
      <Filter>externals\imgui</Filter>
    </ClInclude>
    <ClInclude Include="externals\imgui\imgui_impl_win32.h">
      <Filter>externals\imgui</Filter>
    </ClInclude>
    <ClInclude Include="externals\imgui\imgui_internal.h">
      <Filter>externals\imgui</Filter>
    </ClInclude>
    <ClInclude Include="externals\imgui\imstb_rectpack.h">
      <Filter>externals\imgui</Filter>
    </ClInclude>
    <ClInclude Include="externals\imgui\imstb_textedit.h">
      <Filter>externals\imgui</Filter>
    </ClInclude>
    <ClInclude Include="externals\imgui\imstb_truetype.h">
      <Filter>externals\imgui</Filter>
    </ClInclude>
    <ClInclude Include="engine\3d\DebugCamera.h">
      <Filter>ヘッダー ファイル\engine\3d</Filter>
    </ClInclude>
    <ClInclude Include="engine\io\InputManager.h">
      <Filter>ヘッダー ファイル\engine\io</Filter>
    </ClInclude>
    <ClInclude Include="engine\utility\mathUtility.h">
      <Filter>ヘッダー ファイル\engine\utility</Filter>
    </ClInclude>
    <ClInclude Include="engine\utility\Easing.h">
      <Filter>ヘッダー ファイル\engine\utility</Filter>
    </ClInclude>
    <ClInclude Include="engine\utility\CurveUtility.h">
      <Filter>ヘッダー ファイル\engine\utility</Filter>
    </ClInclude>
    <ClInclude Include="engine\utility\FileUtility.h">
      <Filter>ヘッダー ファイル\engine\utility</Filter>
    </ClInclude>
    <ClInclude Include="engine\utility\JsonUtility.h">
      <Filter>ヘッダー ファイル\engine\utility</Filter>
    </ClInclude>
    <ClInclude Include="engine\utility\DebugUtility.h">
      <Filter>ヘッダー ファイル\engine\utility</Filter>
    </ClInclude>
    <ClInclude Include="engine\utility\RandomUtility.h">
      <Filter>ヘッダー ファイル\engine\utility</Filter>
    </ClInclude>
    <ClInclude Include="engine\utility\TimeUtility.h">
      <Filter>ヘッダー ファイル\engine\utility</Filter>
    </ClInclude>
    <ClInclude Include="engine\base\WinApp.h">
      <Filter>ヘッダー ファイル\engine\base</Filter>
    </ClInclude>
    <ClInclude Include="engine\base\DirectXCommon.h">
      <Filter>ヘッダー ファイル\engine\base</Filter>
    </ClInclude>
    <ClInclude Include="engine\base\RenderTarget.h">
      <Filter>ヘッダー ファイル\engine\base</Filter>
    </ClInclude>
    <ClInclude Include="engine\utility\StringUtility.h">
      <Filter>ヘッダー ファイル\engine\utility</Filter>
    </ClInclude>
    <ClInclude Include="engine\utility\Logger.h">
      <Filter>ヘッダー ファイル\engine\utility</Filter>
    </ClInclude>
    <ClInclude Include="engine\base\D3DResourceLeakChecker.h">
      <Filter>ヘッダー ファイル\engine\base</Filter>
    </ClInclude>
    <ClInclude Include="engine\utility\MathTypes.h">
      <Filter>ヘッダー ファイル\engine\utility</Filter>
    </ClInclude>
    <ClInclude Include="engine\2d\Sprite.h">
      <Filter>ヘッダー ファイル\engine\2d</Filter>
    </ClInclude>
    <ClInclude Include="engine\2d\SpriteCommon.h">
      <Filter>ヘッダー ファイル\engine\2d</Filter>
    </ClInclude>
    <ClInclude Include="engine\2d\TextureManager.h">
      <Filter>ヘッダー ファイル\engine\2d</Filter>
    </ClInclude>
    <ClInclude Include="engine\3d\Model.h">
      <Filter>ヘッダー ファイル\engine\3d</Filter>
    </ClInclude>
    <ClInclude Include="engine\3d\ModelCommon.h">
      <Filter>ヘッダー ファイル\engine\3d</Filter>
    </ClInclude>
    <ClInclude Include="engine\3d\ModelManager.h">
      <Filter>ヘッダー ファイル\engine\3d</Filter>
    </ClInclude>
    <ClInclude Include="engine\3d\PrimitiveFactory.h">
      <Filter>ヘッダー ファイル\engine\3d</Filter>
    </ClInclude>
    <ClInclude Include="engine\3d\Object3d.h">
      <Filter>ヘッダー ファイル\engine\3d</Filter>
    </ClInclude>
    <ClInclude Include="engine\3d\Object3dCommon.h">
      <Filter>ヘッダー ファイル\engine\3d</Filter>
    </ClInclude>
    <ClInclude Include="engine\3d\Camera.h">
      <Filter>ヘッダー ファイル\engine\3d</Filter>
    </ClInclude>
    <ClInclude Include="engine\base\IScene.h">
      <Filter>ヘッダー ファイル\engine\base</Filter>
    </ClInclude>
    <ClInclude Include="engine\base\SceneManager.h">
      <Filter>ヘッダー ファイル\engine\base</Filter>
    </ClInclude>
    <ClInclude Include="engine\debug\DebugRenderer.h">
      <Filter>ヘッダー ファイル\engine\debug</Filter>
    </ClInclude>
    <ClInclude Include="engine\base\SrvManager.h">
      <Filter>ヘッダー ファイル\engine\base</Filter>
    </ClInclude>
    <ClInclude Include="engine\utility\CollisionUtility.h">
      <Filter>ヘッダー ファイル\engine\utility</Filter>
    </ClInclude>
    <ClInclude Include="engine\sound\Sound.h">
      <Filter>ヘッダー ファイル\engine\sound</Filter>
    </ClInclude>
    <ClInclude Include="engine\particle\ParticleEmitter.h">
      <Filter>ヘッダー ファイル\engine\particle</Filter>
    </ClInclude>
    <ClInclude Include="engine\particle\GpuEmitterSettingsUtility.h">
      <Filter>ヘッダー ファイル\engine\particle</Filter>
    </ClInclude>
    <ClInclude Include="engine\particle\ParticleManager.h">
      <Filter>ヘッダー ファイル\engine\particle</Filter>
    </ClInclude>
    <ClInclude Include="engine\RenderState.h">
      <Filter>ヘッダー ファイル\engine</Filter>
    </ClInclude>
    <ClInclude Include="engine\utility\ResourceResolver.h">
      <Filter>ヘッダー ファイル\engine\utility</Filter>
    </ClInclude>
    <ClInclude Include="engine\3d\SkyBox.h">
      <Filter>ヘッダー ファイル\engine\3d</Filter>
    </ClInclude>
    <ClInclude Include="engine\base\ImGuiManager.h">
      <Filter>ヘッダー ファイル\engine\base</Filter>
    </ClInclude>
    <ClInclude Include="engine\base\Framework.h">
      <Filter>ヘッダー ファイル\engine\base</Filter>
    </ClInclude>
    <ClInclude Include="application\Game.h">
      <Filter>ヘッダー ファイル\application</Filter>
    </ClInclude>
    <ClInclude Include="application\scenes\PlayScene.h">
      <Filter>ヘッダー ファイル\application\scenes</Filter>
    </ClInclude>
    <ClInclude Include="application\effects\EffectProgress.h">
      <Filter>ヘッダー ファイル\application\effects</Filter>
    </ClInclude>
    <ClInclude Include="application\effects\EffectParticleUtility.h">
      <Filter>ヘッダー ファイル\application\effects</Filter>
    </ClInclude>
    <ClInclude Include="application\effects\TimeStopEffect.h">
      <Filter>ヘッダー ファイル\application\effects</Filter>
    </ClInclude>
    <ClInclude Include="application\effects\TimeReversalEffect.h">
      <Filter>ヘッダー ファイル\application\effects</Filter>
    </ClInclude>
    <ClInclude Include="application\effects\TemporalRiftEffect.h">
      <Filter>ヘッダー ファイル\application\effects</Filter>
    </ClInclude>
    <ClInclude Include="application\scenes\TitleScene.h">
      <Filter>ヘッダー ファイル\application\scenes</Filter>
    </ClInclude>
    <ClInclude Include="application\scenes\SceneFactory.h">
      <Filter>ヘッダー ファイル\application\scenes</Filter>
    </ClInclude>
    <ClInclude Include="engine\base\PostProcess.h">
      <Filter>ヘッダー ファイル\engine\base</Filter>
    </ClInclude>
  </ItemGroup>
  <ItemGroup>
    <Text Include="externals\imgui\LICENSE.txt">
      <Filter>externals\imgui</Filter>
    </Text>
  </ItemGroup>
  <ItemGroup>
    <None Include="resources\shaders\Object3d.hlsli">
      <Filter>シェーダーファイル</Filter>
    </None>
    <None Include="resources\shaders\Particle.hlsli">
      <Filter>シェーダーファイル</Filter>
    </None>
    <None Include="resources\shaders\Fullscreen.hlsli">
      <Filter>シェーダーファイル</Filter>
    </None>
  </ItemGroup>
</Project>
